// !$*UTF8*$!
{
	archiveVersion = 1;
	classes = {
	};
	objectVersion = 50;
	objects = {

/* Begin PBXBuildFile section */
		892F87332284BCB800B45446 /* AppDelegate.swift in Sources */ = {isa = PBXBuildFile; fileRef = 892F87322284BCB800B45446 /* AppDelegate.swift */; };
		892F873A2284BCB900B45446 /* Assets.xcassets in Resources */ = {isa = PBXBuildFile; fileRef = 892F87392284BCB900B45446 /* Assets.xcassets */; };
		892F873D2284BCB900B45446 /* LaunchScreen.storyboard in Resources */ = {isa = PBXBuildFile; fileRef = 892F873B2284BCB900B45446 /* LaunchScreen.storyboard */; };
		892F87532284BCB900B45446 /* TicTacToeUITests.swift in Sources */ = {isa = PBXBuildFile; fileRef = 892F87522284BCB900B45446 /* TicTacToeUITests.swift */; };
		892F87672284C29400B45446 /* GameStatus.swift in Sources */ = {isa = PBXBuildFile; fileRef = 892F87662284C29400B45446 /* GameStatus.swift */; };
		892F876E2284DDAF00B45446 /* GameViewController.swift in Sources */ = {isa = PBXBuildFile; fileRef = 892F876D2284DDAF00B45446 /* GameViewController.swift */; };
		892F87702284DDD500B45446 /* GameViewController.storyboard in Resources */ = {isa = PBXBuildFile; fileRef = 892F876F2284DDD500B45446 /* GameViewController.storyboard */; };
		892F87732284DEB500B45446 /* GamePresenter.swift in Sources */ = {isa = PBXBuildFile; fileRef = 892F87722284DEB500B45446 /* GamePresenter.swift */; };
		892F87772284DF6600B45446 /* WinningRule.swift in Sources */ = {isa = PBXBuildFile; fileRef = 892F87762284DF6600B45446 /* WinningRule.swift */; };
		892F877B2284DF6E00B45446 /* BoardPosition.swift in Sources */ = {isa = PBXBuildFile; fileRef = 892F87782284DF6E00B45446 /* BoardPosition.swift */; };
		892F877C2284DF6E00B45446 /* Board.swift in Sources */ = {isa = PBXBuildFile; fileRef = 892F87792284DF6E00B45446 /* Board.swift */; };
		892F877D2284DF6E00B45446 /* Player.swift in Sources */ = {isa = PBXBuildFile; fileRef = 892F877A2284DF6E00B45446 /* Player.swift */; };
		892F87802284E0F300B45446 /* GamePresenterTests.swift in Sources */ = {isa = PBXBuildFile; fileRef = 892F877F2284E0F300B45446 /* GamePresenterTests.swift */; };
/* End PBXBuildFile section */

/* Begin PBXContainerItemProxy section */
		892F87442284BCB900B45446 /* PBXContainerItemProxy */ = {
			isa = PBXContainerItemProxy;
			containerPortal = 892F87272284BCB800B45446 /* Project object */;
			proxyType = 1;
			remoteGlobalIDString = 892F872E2284BCB800B45446;
			remoteInfo = TicTacToe;
		};
		892F874F2284BCB900B45446 /* PBXContainerItemProxy */ = {
			isa = PBXContainerItemProxy;
			containerPortal = 892F87272284BCB800B45446 /* Project object */;
			proxyType = 1;
			remoteGlobalIDString = 892F872E2284BCB800B45446;
			remoteInfo = TicTacToe;
		};
/* End PBXContainerItemProxy section */

/* Begin PBXFileReference section */
		892F872F2284BCB800B45446 /* TicTacToe.app */ = {isa = PBXFileReference; explicitFileType = wrapper.application; includeInIndex = 0; path = TicTacToe.app; sourceTree = BUILT_PRODUCTS_DIR; };
		892F87322284BCB800B45446 /* AppDelegate.swift */ = {isa = PBXFileReference; lastKnownFileType = sourcecode.swift; path = AppDelegate.swift; sourceTree = "<group>"; };
		892F87392284BCB900B45446 /* Assets.xcassets */ = {isa = PBXFileReference; lastKnownFileType = folder.assetcatalog; path = Assets.xcassets; sourceTree = "<group>"; };
		892F873C2284BCB900B45446 /* Base */ = {isa = PBXFileReference; lastKnownFileType = file.storyboard; name = Base; path = Base.lproj/LaunchScreen.storyboard; sourceTree = "<group>"; };
		892F873E2284BCB900B45446 /* Info.plist */ = {isa = PBXFileReference; lastKnownFileType = text.plist.xml; path = Info.plist; sourceTree = "<group>"; };
		892F87432284BCB900B45446 /* TicTacToeTests.xctest */ = {isa = PBXFileReference; explicitFileType = wrapper.cfbundle; includeInIndex = 0; path = TicTacToeTests.xctest; sourceTree = BUILT_PRODUCTS_DIR; };
		892F87492284BCB900B45446 /* Info.plist */ = {isa = PBXFileReference; lastKnownFileType = text.plist.xml; path = Info.plist; sourceTree = "<group>"; };
		892F874E2284BCB900B45446 /* TicTacToeUITests.xctest */ = {isa = PBXFileReference; explicitFileType = wrapper.cfbundle; includeInIndex = 0; path = TicTacToeUITests.xctest; sourceTree = BUILT_PRODUCTS_DIR; };
		892F87522284BCB900B45446 /* TicTacToeUITests.swift */ = {isa = PBXFileReference; lastKnownFileType = sourcecode.swift; path = TicTacToeUITests.swift; sourceTree = "<group>"; };
		892F87542284BCB900B45446 /* Info.plist */ = {isa = PBXFileReference; lastKnownFileType = text.plist.xml; path = Info.plist; sourceTree = "<group>"; };
		892F87662284C29400B45446 /* GameStatus.swift */ = {isa = PBXFileReference; lastKnownFileType = sourcecode.swift; path = GameStatus.swift; sourceTree = "<group>"; };
		892F876D2284DDAF00B45446 /* GameViewController.swift */ = {isa = PBXFileReference; lastKnownFileType = sourcecode.swift; path = GameViewController.swift; sourceTree = "<group>"; };
		892F876F2284DDD500B45446 /* GameViewController.storyboard */ = {isa = PBXFileReference; fileEncoding = 4; lastKnownFileType = file.storyboard; path = GameViewController.storyboard; sourceTree = "<group>"; };
		892F87722284DEB500B45446 /* GamePresenter.swift */ = {isa = PBXFileReference; fileEncoding = 4; lastKnownFileType = sourcecode.swift; path = GamePresenter.swift; sourceTree = "<group>"; };
		892F87762284DF6600B45446 /* WinningRule.swift */ = {isa = PBXFileReference; fileEncoding = 4; lastKnownFileType = sourcecode.swift; path = WinningRule.swift; sourceTree = "<group>"; };
		892F87782284DF6E00B45446 /* BoardPosition.swift */ = {isa = PBXFileReference; fileEncoding = 4; lastKnownFileType = sourcecode.swift; path = BoardPosition.swift; sourceTree = "<group>"; };
		892F87792284DF6E00B45446 /* Board.swift */ = {isa = PBXFileReference; fileEncoding = 4; lastKnownFileType = sourcecode.swift; path = Board.swift; sourceTree = "<group>"; };
		892F877A2284DF6E00B45446 /* Player.swift */ = {isa = PBXFileReference; fileEncoding = 4; lastKnownFileType = sourcecode.swift; path = Player.swift; sourceTree = "<group>"; };
		892F877F2284E0F300B45446 /* GamePresenterTests.swift */ = {isa = PBXFileReference; fileEncoding = 4; lastKnownFileType = sourcecode.swift; path = GamePresenterTests.swift; sourceTree = "<group>"; };
/* End PBXFileReference section */

/* Begin PBXFrameworksBuildPhase section */
		892F872C2284BCB800B45446 /* Frameworks */ = {
			isa = PBXFrameworksBuildPhase;
			buildActionMask = 2147483647;
			files = (
			);
			runOnlyForDeploymentPostprocessing = 0;
		};
		892F87402284BCB900B45446 /* Frameworks */ = {
			isa = PBXFrameworksBuildPhase;
			buildActionMask = 2147483647;
			files = (
			);
			runOnlyForDeploymentPostprocessing = 0;
		};
		892F874B2284BCB900B45446 /* Frameworks */ = {
			isa = PBXFrameworksBuildPhase;
			buildActionMask = 2147483647;
			files = (
			);
			runOnlyForDeploymentPostprocessing = 0;
		};
/* End PBXFrameworksBuildPhase section */

/* Begin PBXGroup section */
		892F87262284BCB800B45446 = {
			isa = PBXGroup;
			children = (
				892F87312284BCB800B45446 /* TicTacToe */,
				892F87462284BCB900B45446 /* TicTacToeTests */,
				892F87512284BCB900B45446 /* TicTacToeUITests */,
				892F87302284BCB800B45446 /* Products */,
			);
			sourceTree = "<group>";
		};
		892F87302284BCB800B45446 /* Products */ = {
			isa = PBXGroup;
			children = (
				892F872F2284BCB800B45446 /* TicTacToe.app */,
				892F87432284BCB900B45446 /* TicTacToeTests.xctest */,
				892F874E2284BCB900B45446 /* TicTacToeUITests.xctest */,
			);
			name = Products;
			sourceTree = "<group>";
		};
		892F87312284BCB800B45446 /* TicTacToe */ = {
			isa = PBXGroup;
			children = (
				892F877E2284DF7500B45446 /* Protocols */,
				892F87752284DF3300B45446 /* Helper */,
				892F87742284DF2900B45446 /* Models */,
				892F87712284DE9B00B45446 /* Presenter */,
				892F876C2284DD8D00B45446 /* ViewController */,
				892F87322284BCB800B45446 /* AppDelegate.swift */,
				892F87392284BCB900B45446 /* Assets.xcassets */,
				892F873B2284BCB900B45446 /* LaunchScreen.storyboard */,
				892F873E2284BCB900B45446 /* Info.plist */,
			);
			path = TicTacToe;
			sourceTree = "<group>";
		};
		892F87462284BCB900B45446 /* TicTacToeTests */ = {
			isa = PBXGroup;
			children = (
				892F877F2284E0F300B45446 /* GamePresenterTests.swift */,
				892F87492284BCB900B45446 /* Info.plist */,
			);
			path = TicTacToeTests;
			sourceTree = "<group>";
		};
		892F87512284BCB900B45446 /* TicTacToeUITests */ = {
			isa = PBXGroup;
			children = (
				892F87522284BCB900B45446 /* TicTacToeUITests.swift */,
				892F87542284BCB900B45446 /* Info.plist */,
			);
			path = TicTacToeUITests;
			sourceTree = "<group>";
		};
		892F876C2284DD8D00B45446 /* ViewController */ = {
			isa = PBXGroup;
			children = (
				892F876D2284DDAF00B45446 /* GameViewController.swift */,
				892F876F2284DDD500B45446 /* GameViewController.storyboard */,
			);
			path = ViewController;
			sourceTree = "<group>";
		};
		892F87712284DE9B00B45446 /* Presenter */ = {
			isa = PBXGroup;
			children = (
				892F87722284DEB500B45446 /* GamePresenter.swift */,
			);
			path = Presenter;
			sourceTree = "<group>";
		};
		892F87742284DF2900B45446 /* Models */ = {
			isa = PBXGroup;
			children = (
				892F87792284DF6E00B45446 /* Board.swift */,
				892F87782284DF6E00B45446 /* BoardPosition.swift */,
				892F877A2284DF6E00B45446 /* Player.swift */,
			);
			path = Models;
			sourceTree = "<group>";
		};
		892F87752284DF3300B45446 /* Helper */ = {
			isa = PBXGroup;
			children = (
				892F87762284DF6600B45446 /* WinningRule.swift */,
			);
			path = Helper;
			sourceTree = "<group>";
		};
		892F877E2284DF7500B45446 /* Protocols */ = {
			isa = PBXGroup;
			children = (
				892F87662284C29400B45446 /* GameStatus.swift */,
			);
			path = Protocols;
			sourceTree = "<group>";
		};
/* End PBXGroup section */

/* Begin PBXNativeTarget section */
		892F872E2284BCB800B45446 /* TicTacToe */ = {
			isa = PBXNativeTarget;
			buildConfigurationList = 892F87572284BCB900B45446 /* Build configuration list for PBXNativeTarget "TicTacToe" */;
			buildPhases = (
				892F872B2284BCB800B45446 /* Sources */,
				892F872C2284BCB800B45446 /* Frameworks */,
				892F872D2284BCB800B45446 /* Resources */,
			);
			buildRules = (
			);
			dependencies = (
			);
			name = TicTacToe;
			productName = TicTacToe;
			productReference = 892F872F2284BCB800B45446 /* TicTacToe.app */;
			productType = "com.apple.product-type.application";
		};
		892F87422284BCB900B45446 /* TicTacToeTests */ = {
			isa = PBXNativeTarget;
			buildConfigurationList = 892F875A2284BCB900B45446 /* Build configuration list for PBXNativeTarget "TicTacToeTests" */;
			buildPhases = (
				892F873F2284BCB900B45446 /* Sources */,
				892F87402284BCB900B45446 /* Frameworks */,
				892F87412284BCB900B45446 /* Resources */,
			);
			buildRules = (
			);
			dependencies = (
				892F87452284BCB900B45446 /* PBXTargetDependency */,
			);
			name = TicTacToeTests;
			productName = TicTacToeTests;
			productReference = 892F87432284BCB900B45446 /* TicTacToeTests.xctest */;
			productType = "com.apple.product-type.bundle.unit-test";
		};
		892F874D2284BCB900B45446 /* TicTacToeUITests */ = {
			isa = PBXNativeTarget;
			buildConfigurationList = 892F875D2284BCB900B45446 /* Build configuration list for PBXNativeTarget "TicTacToeUITests" */;
			buildPhases = (
				892F874A2284BCB900B45446 /* Sources */,
				892F874B2284BCB900B45446 /* Frameworks */,
				892F874C2284BCB900B45446 /* Resources */,
			);
			buildRules = (
			);
			dependencies = (
				892F87502284BCB900B45446 /* PBXTargetDependency */,
			);
			name = TicTacToeUITests;
			productName = TicTacToeUITests;
			productReference = 892F874E2284BCB900B45446 /* TicTacToeUITests.xctest */;
			productType = "com.apple.product-type.bundle.ui-testing";
		};
/* End PBXNativeTarget section */

/* Begin PBXProject section */
		892F87272284BCB800B45446 /* Project object */ = {
			isa = PBXProject;
			attributes = {
				LastSwiftUpdateCheck = 1010;
				LastUpgradeCheck = 1010;
				ORGANIZATIONNAME = test;
				TargetAttributes = {
					892F872E2284BCB800B45446 = {
						CreatedOnToolsVersion = 10.1;
					};
					892F87422284BCB900B45446 = {
						CreatedOnToolsVersion = 10.1;
						LastSwiftMigration = 1010;
						TestTargetID = 892F872E2284BCB800B45446;
					};
					892F874D2284BCB900B45446 = {
						CreatedOnToolsVersion = 10.1;
						TestTargetID = 892F872E2284BCB800B45446;
					};
				};
			};
			buildConfigurationList = 892F872A2284BCB800B45446 /* Build configuration list for PBXProject "TicTacToe" */;
			compatibilityVersion = "Xcode 9.3";
			developmentRegion = en;
			hasScannedForEncodings = 0;
			knownRegions = (
				en,
				Base,
			);
			mainGroup = 892F87262284BCB800B45446;
			productRefGroup = 892F87302284BCB800B45446 /* Products */;
			projectDirPath = "";
			projectRoot = "";
			targets = (
				892F872E2284BCB800B45446 /* TicTacToe */,
				892F87422284BCB900B45446 /* TicTacToeTests */,
				892F874D2284BCB900B45446 /* TicTacToeUITests */,
			);
		};
/* End PBXProject section */

/* Begin PBXResourcesBuildPhase section */
		892F872D2284BCB800B45446 /* Resources */ = {
			isa = PBXResourcesBuildPhase;
			buildActionMask = 2147483647;
			files = (
				892F87702284DDD500B45446 /* GameViewController.storyboard in Resources */,
				892F873D2284BCB900B45446 /* LaunchScreen.storyboard in Resources */,
				892F873A2284BCB900B45446 /* Assets.xcassets in Resources */,
			);
			runOnlyForDeploymentPostprocessing = 0;
		};
		892F87412284BCB900B45446 /* Resources */ = {
			isa = PBXResourcesBuildPhase;
			buildActionMask = 2147483647;
			files = (
			);
			runOnlyForDeploymentPostprocessing = 0;
		};
		892F874C2284BCB900B45446 /* Resources */ = {
			isa = PBXResourcesBuildPhase;
			buildActionMask = 2147483647;
			files = (
			);
			runOnlyForDeploymentPostprocessing = 0;
		};
/* End PBXResourcesBuildPhase section */

/* Begin PBXSourcesBuildPhase section */
		892F872B2284BCB800B45446 /* Sources */ = {
			isa = PBXSourcesBuildPhase;
			buildActionMask = 2147483647;
			files = (
				892F87672284C29400B45446 /* GameStatus.swift in Sources */,
				892F876E2284DDAF00B45446 /* GameViewController.swift in Sources */,
				892F87332284BCB800B45446 /* AppDelegate.swift in Sources */,
				892F877B2284DF6E00B45446 /* BoardPosition.swift in Sources */,
				892F877D2284DF6E00B45446 /* Player.swift in Sources */,
				892F877C2284DF6E00B45446 /* Board.swift in Sources */,
				892F87732284DEB500B45446 /* GamePresenter.swift in Sources */,
				892F87772284DF6600B45446 /* WinningRule.swift in Sources */,
			);
			runOnlyForDeploymentPostprocessing = 0;
		};
		892F873F2284BCB900B45446 /* Sources */ = {
			isa = PBXSourcesBuildPhase;
			buildActionMask = 2147483647;
			files = (
				892F87802284E0F300B45446 /* GamePresenterTests.swift in Sources */,
			);
			runOnlyForDeploymentPostprocessing = 0;
		};
		892F874A2284BCB900B45446 /* Sources */ = {
			isa = PBXSourcesBuildPhase;
			buildActionMask = 2147483647;
			files = (
				892F87532284BCB900B45446 /* TicTacToeUITests.swift in Sources */,
			);
			runOnlyForDeploymentPostprocessing = 0;
		};
/* End PBXSourcesBuildPhase section */

/* Begin PBXTargetDependency section */
		892F87452284BCB900B45446 /* PBXTargetDependency */ = {
			isa = PBXTargetDependency;
			target = 892F872E2284BCB800B45446 /* TicTacToe */;
			targetProxy = 892F87442284BCB900B45446 /* PBXContainerItemProxy */;
		};
		892F87502284BCB900B45446 /* PBXTargetDependency */ = {
			isa = PBXTargetDependency;
			target = 892F872E2284BCB800B45446 /* TicTacToe */;
			targetProxy = 892F874F2284BCB900B45446 /* PBXContainerItemProxy */;
		};
/* End PBXTargetDependency section */

/* Begin PBXVariantGroup section */
		892F873B2284BCB900B45446 /* LaunchScreen.storyboard */ = {
			isa = PBXVariantGroup;
			children = (
				892F873C2284BCB900B45446 /* Base */,
			);
			name = LaunchScreen.storyboard;
			sourceTree = "<group>";
		};
/* End PBXVariantGroup section */

/* Begin XCBuildConfiguration section */
		892F87552284BCB900B45446 /* Debug */ = {
			isa = XCBuildConfiguration;
			buildSettings = {
				ALWAYS_SEARCH_USER_PATHS = NO;
				CLANG_ANALYZER_NONNULL = YES;
				CLANG_ANALYZER_NUMBER_OBJECT_CONVERSION = YES_AGGRESSIVE;
				CLANG_CXX_LANGUAGE_STANDARD = "gnu++14";
				CLANG_CXX_LIBRARY = "libc++";
				CLANG_ENABLE_MODULES = YES;
				CLANG_ENABLE_OBJC_ARC = YES;
				CLANG_ENABLE_OBJC_WEAK = YES;
				CLANG_WARN_BLOCK_CAPTURE_AUTORELEASING = YES;
				CLANG_WARN_BOOL_CONVERSION = YES;
				CLANG_WARN_COMMA = YES;
				CLANG_WARN_CONSTANT_CONVERSION = YES;
				CLANG_WARN_DEPRECATED_OBJC_IMPLEMENTATIONS = YES;
				CLANG_WARN_DIRECT_OBJC_ISA_USAGE = YES_ERROR;
				CLANG_WARN_DOCUMENTATION_COMMENTS = YES;
				CLANG_WARN_EMPTY_BODY = YES;
				CLANG_WARN_ENUM_CONVERSION = YES;
				CLANG_WARN_INFINITE_RECURSION = YES;
				CLANG_WARN_INT_CONVERSION = YES;
				CLANG_WARN_NON_LITERAL_NULL_CONVERSION = YES;
				CLANG_WARN_OBJC_IMPLICIT_RETAIN_SELF = YES;
				CLANG_WARN_OBJC_LITERAL_CONVERSION = YES;
				CLANG_WARN_OBJC_ROOT_CLASS = YES_ERROR;
				CLANG_WARN_RANGE_LOOP_ANALYSIS = YES;
				CLANG_WARN_STRICT_PROTOTYPES = YES;
				CLANG_WARN_SUSPICIOUS_MOVE = YES;
				CLANG_WARN_UNGUARDED_AVAILABILITY = YES_AGGRESSIVE;
				CLANG_WARN_UNREACHABLE_CODE = YES;
				CLANG_WARN__DUPLICATE_METHOD_MATCH = YES;
				CODE_SIGN_IDENTITY = "iPhone Developer";
				COPY_PHASE_STRIP = NO;
				DEBUG_INFORMATION_FORMAT = dwarf;
				ENABLE_STRICT_OBJC_MSGSEND = YES;
				ENABLE_TESTABILITY = YES;
				GCC_C_LANGUAGE_STANDARD = gnu11;
				GCC_DYNAMIC_NO_PIC = NO;
				GCC_NO_COMMON_BLOCKS = YES;
				GCC_OPTIMIZATION_LEVEL = 0;
				GCC_PREPROCESSOR_DEFINITIONS = (
					"DEBUG=1",
					"$(inherited)",
				);
				GCC_WARN_64_TO_32_BIT_CONVERSION = YES;
				GCC_WARN_ABOUT_RETURN_TYPE = YES_ERROR;
				GCC_WARN_UNDECLARED_SELECTOR = YES;
				GCC_WARN_UNINITIALIZED_AUTOS = YES_AGGRESSIVE;
				GCC_WARN_UNUSED_FUNCTION = YES;
				GCC_WARN_UNUSED_VARIABLE = YES;
				IPHONEOS_DEPLOYMENT_TARGET = 12.1;
				MTL_ENABLE_DEBUG_INFO = INCLUDE_SOURCE;
				MTL_FAST_MATH = YES;
				ONLY_ACTIVE_ARCH = YES;
				SDKROOT = iphoneos;
				SWIFT_ACTIVE_COMPILATION_CONDITIONS = DEBUG;
				SWIFT_OPTIMIZATION_LEVEL = "-Onone";
			};
			name = Debug;
		};
		892F87562284BCB900B45446 /* Release */ = {
			isa = XCBuildConfiguration;
			buildSettings = {
				ALWAYS_SEARCH_USER_PATHS = NO;
				CLANG_ANALYZER_NONNULL = YES;
				CLANG_ANALYZER_NUMBER_OBJECT_CONVERSION = YES_AGGRESSIVE;
				CLANG_CXX_LANGUAGE_STANDARD = "gnu++14";
				CLANG_CXX_LIBRARY = "libc++";
				CLANG_ENABLE_MODULES = YES;
				CLANG_ENABLE_OBJC_ARC = YES;
				CLANG_ENABLE_OBJC_WEAK = YES;
				CLANG_WARN_BLOCK_CAPTURE_AUTORELEASING = YES;
				CLANG_WARN_BOOL_CONVERSION = YES;
				CLANG_WARN_COMMA = YES;
				CLANG_WARN_CONSTANT_CONVERSION = YES;
				CLANG_WARN_DEPRECATED_OBJC_IMPLEMENTATIONS = YES;
				CLANG_WARN_DIRECT_OBJC_ISA_USAGE = YES_ERROR;
				CLANG_WARN_DOCUMENTATION_COMMENTS = YES;
				CLANG_WARN_EMPTY_BODY = YES;
				CLANG_WARN_ENUM_CONVERSION = YES;
				CLANG_WARN_INFINITE_RECURSION = YES;
				CLANG_WARN_INT_CONVERSION = YES;
				CLANG_WARN_NON_LITERAL_NULL_CONVERSION = YES;
				CLANG_WARN_OBJC_IMPLICIT_RETAIN_SELF = YES;
				CLANG_WARN_OBJC_LITERAL_CONVERSION = YES;
				CLANG_WARN_OBJC_ROOT_CLASS = YES_ERROR;
				CLANG_WARN_RANGE_LOOP_ANALYSIS = YES;
				CLANG_WARN_STRICT_PROTOTYPES = YES;
				CLANG_WARN_SUSPICIOUS_MOVE = YES;
				CLANG_WARN_UNGUARDED_AVAILABILITY = YES_AGGRESSIVE;
				CLANG_WARN_UNREACHABLE_CODE = YES;
				CLANG_WARN__DUPLICATE_METHOD_MATCH = YES;
				CODE_SIGN_IDENTITY = "iPhone Developer";
				COPY_PHASE_STRIP = NO;
				DEBUG_INFORMATION_FORMAT = "dwarf-with-dsym";
				ENABLE_NS_ASSERTIONS = NO;
				ENABLE_STRICT_OBJC_MSGSEND = YES;
				GCC_C_LANGUAGE_STANDARD = gnu11;
				GCC_NO_COMMON_BLOCKS = YES;
				GCC_WARN_64_TO_32_BIT_CONVERSION = YES;
				GCC_WARN_ABOUT_RETURN_TYPE = YES_ERROR;
				GCC_WARN_UNDECLARED_SELECTOR = YES;
				GCC_WARN_UNINITIALIZED_AUTOS = YES_AGGRESSIVE;
				GCC_WARN_UNUSED_FUNCTION = YES;
				GCC_WARN_UNUSED_VARIABLE = YES;
				IPHONEOS_DEPLOYMENT_TARGET = 12.1;
				MTL_ENABLE_DEBUG_INFO = NO;
				MTL_FAST_MATH = YES;
				SDKROOT = iphoneos;
				SWIFT_COMPILATION_MODE = wholemodule;
				SWIFT_OPTIMIZATION_LEVEL = "-O";
				VALIDATE_PRODUCT = YES;
			};
			name = Release;
		};
		892F87582284BCB900B45446 /* Debug */ = {
			isa = XCBuildConfiguration;
			buildSettings = {
				ASSETCATALOG_COMPILER_APPICON_NAME = AppIcon;
				CODE_SIGN_STYLE = Automatic;
				INFOPLIST_FILE = TicTacToe/Info.plist;
				LD_RUNPATH_SEARCH_PATHS = (
					"$(inherited)",
					"@executable_path/Frameworks",
				);
				PRODUCT_BUNDLE_IDENTIFIER = test.com.TicTacToe;
				PRODUCT_NAME = "$(TARGET_NAME)";
				SWIFT_VERSION = 4.2;
				TARGETED_DEVICE_FAMILY = 1;
			};
			name = Debug;
		};
		892F87592284BCB900B45446 /* Release */ = {
			isa = XCBuildConfiguration;
			buildSettings = {
				ASSETCATALOG_COMPILER_APPICON_NAME = AppIcon;
				CODE_SIGN_STYLE = Automatic;
				INFOPLIST_FILE = TicTacToe/Info.plist;
				LD_RUNPATH_SEARCH_PATHS = (
					"$(inherited)",
					"@executable_path/Frameworks",
				);
				PRODUCT_BUNDLE_IDENTIFIER = test.com.TicTacToe;
				PRODUCT_NAME = "$(TARGET_NAME)";
				SWIFT_VERSION = 4.2;
				TARGETED_DEVICE_FAMILY = 1;
			};
			name = Release;
		};
		892F875B2284BCB900B45446 /* Debug */ = {
			isa = XCBuildConfiguration;
			buildSettings = {
				ALWAYS_EMBED_SWIFT_STANDARD_LIBRARIES = YES;
				BUNDLE_LOADER = "$(TEST_HOST)";
				CLANG_ENABLE_MODULES = YES;
				CODE_SIGN_STYLE = Automatic;
				INFOPLIST_FILE = TicTacToeTests/Info.plist;
				LD_RUNPATH_SEARCH_PATHS = (
					"$(inherited)",
					"@executable_path/Frameworks",
					"@loader_path/Frameworks",
				);
				PRODUCT_BUNDLE_IDENTIFIER = test.com.TicTacToeTests;
				PRODUCT_NAME = "$(TARGET_NAME)";
				SWIFT_OPTIMIZATION_LEVEL = "-Onone";
				SWIFT_VERSION = 4.2;
				TARGETED_DEVICE_FAMILY = "1,2";
				TEST_HOST = "$(BUILT_PRODUCTS_DIR)/TicTacToe.app/TicTacToe";
			};
			name = Debug;
		};
		892F875C2284BCB900B45446 /* Release */ = {
			isa = XCBuildConfiguration;
			buildSettings = {
				ALWAYS_EMBED_SWIFT_STANDARD_LIBRARIES = YES;
				BUNDLE_LOADER = "$(TEST_HOST)";
				CLANG_ENABLE_MODULES = YES;
				CODE_SIGN_STYLE = Automatic;
				INFOPLIST_FILE = TicTacToeTests/Info.plist;
				LD_RUNPATH_SEARCH_PATHS = (
					"$(inherited)",
					"@executable_path/Frameworks",
					"@loader_path/Frameworks",
				);
				PRODUCT_BUNDLE_IDENTIFIER = test.com.TicTacToeTests;
				PRODUCT_NAME = "$(TARGET_NAME)";
				SWIFT_VERSION = 4.2;
				TARGETED_DEVICE_FAMILY = "1,2";
				TEST_HOST = "$(BUILT_PRODUCTS_DIR)/TicTacToe.app/TicTacToe";
			};
			name = Release;
		};
		892F875E2284BCB900B45446 /* Debug */ = {
			isa = XCBuildConfiguration;
			buildSettings = {
				ALWAYS_EMBED_SWIFT_STANDARD_LIBRARIES = YES;
				CODE_SIGN_STYLE = Automatic;
				INFOPLIST_FILE = TicTacToeUITests/Info.plist;
				LD_RUNPATH_SEARCH_PATHS = (
					"$(inherited)",
					"@executable_path/Frameworks",
					"@loader_path/Frameworks",
				);
				PRODUCT_BUNDLE_IDENTIFIER = test.com.TicTacToeUITests;
				PRODUCT_NAME = "$(TARGET_NAME)";
				SWIFT_VERSION = 4.2;
				TARGETED_DEVICE_FAMILY = "1,2";
				TEST_TARGET_NAME = TicTacToe;
			};
			name = Debug;
		};
		892F875F2284BCB900B45446 /* Release */ = {
			isa = XCBuildConfiguration;
			buildSettings = {
				ALWAYS_EMBED_SWIFT_STANDARD_LIBRARIES = YES;
				CODE_SIGN_STYLE = Automatic;
				INFOPLIST_FILE = TicTacToeUITests/Info.plist;
				LD_RUNPATH_SEARCH_PATHS = (
					"$(inherited)",
					"@executable_path/Frameworks",
					"@loader_path/Frameworks",
				);
				PRODUCT_BUNDLE_IDENTIFIER = test.com.TicTacToeUITests;
				PRODUCT_NAME = "$(TARGET_NAME)";
				SWIFT_VERSION = 4.2;
				TARGETED_DEVICE_FAMILY = "1,2";
				TEST_TARGET_NAME = TicTacToe;
			};
			name = Release;
		};
/* End XCBuildConfiguration section */

/* Begin XCConfigurationList section */
		892F872A2284BCB800B45446 /* Build configuration list for PBXProject "TicTacToe" */ = {
			isa = XCConfigurationList;
			buildConfigurations = (
				892F87552284BCB900B45446 /* Debug */,
				892F87562284BCB900B45446 /* Release */,
			);
			defaultConfigurationIsVisible = 0;
			defaultConfigurationName = Release;
		};
		892F87572284BCB900B45446 /* Build configuration list for PBXNativeTarget "TicTacToe" */ = {
			isa = XCConfigurationList;
			buildConfigurations = (
				892F87582284BCB900B45446 /* Debug */,
				892F87592284BCB900B45446 /* Release */,
			);
			defaultConfigurationIsVisible = 0;
			defaultConfigurationName = Release;
		};
		892F875A2284BCB900B45446 /* Build configuration list for PBXNativeTarget "TicTacToeTests" */ = {
			isa = XCConfigurationList;
			buildConfigurations = (
				892F875B2284BCB900B45446 /* Debug */,
				892F875C2284BCB900B45446 /* Release */,
			);
			defaultConfigurationIsVisible = 0;
			defaultConfigurationName = Release;
		};
		892F875D2284BCB900B45446 /* Build configuration list for PBXNativeTarget "TicTacToeUITests" */ = {
			isa = XCConfigurationList;
			buildConfigurations = (
				892F875E2284BCB900B45446 /* Debug */,
				892F875F2284BCB900B45446 /* Release */,
			);
			defaultConfigurationIsVisible = 0;
			defaultConfigurationName = Release;
		};
/* End XCConfigurationList section */
	};
	rootObject = 892F87272284BCB800B45446 /* Project object */;
}
